
Microsoft Visual Studio Solution File, Format Version 12.00
# Visual Studio Version 17
VisualStudioVersion = 17.9.34728.123
MinimumVisualStudioVersion = 10.0.40219.1
Project("{9A19103F-16F7-4668-BE54-9A1E7A4F7556}") = "Task1.1", "Task1.1\Task1.1.csproj", "{D361E583-0CC4-4675-A235-A2BC60640E65}"
EndProject
Project("{9A19103F-16F7-4668-BE54-9A1E7A4F7556}") = "Task1.2", "Task1.2\Task1.2.csproj", "{1A43651B-78BA-4481-8D53-A6164642D357}"
EndProject
Project("{9A19103F-16F7-4668-BE54-9A1E7A4F7556}") = "Task1.3", "Task1.3\Task1.3.csproj", "{7F3F4821-CC14-4036-A551-37C809CD39D5}"
EndProject
Project("{2150E333-8FDC-42A3-9474-1A3956D46DE8}") = "Task2.2", "Task2.2", "{C310712B-0E8C-455D-B507-BB04F518A3C1}"
EndProject
Project("{FAE04EC0-301F-11D3-BF4B-00C04F79EFBC}") = "Task2.2", "Task2.2\Task2.2.csproj", "{D64BD1B9-21DD-4F78-8E70-B8C478F26E4C}"
EndProject
Project("{FAE04EC0-301F-11D3-BF4B-00C04F79EFBC}") = "MatrixTest", "MatrixTest\MatrixTest.csproj", "{4B34C914-873A-4586-BC43-B7600B721E0F}"
EndProject
Global
	GlobalSection(SolutionConfigurationPlatforms) = preSolution
		Debug|Any CPU = Debug|Any CPU
		Release|Any CPU = Release|Any CPU
	EndGlobalSection
	GlobalSection(ProjectConfigurationPlatforms) = postSolution
		{D361E583-0CC4-4675-A235-A2BC60640E65}.Debug|Any CPU.ActiveCfg = Debug|Any CPU
		{D361E583-0CC4-4675-A235-A2BC60640E65}.Debug|Any CPU.Build.0 = Debug|Any CPU
		{D361E583-0CC4-4675-A235-A2BC60640E65}.Release|Any CPU.ActiveCfg = Release|Any CPU
		{D361E583-0CC4-4675-A235-A2BC60640E65}.Release|Any CPU.Build.0 = Release|Any CPU
		{1A43651B-78BA-4481-8D53-A6164642D357}.Debug|Any CPU.ActiveCfg = Debug|Any CPU
		{1A43651B-78BA-4481-8D53-A6164642D357}.Debug|Any CPU.Build.0 = Debug|Any CPU
		{1A43651B-78BA-4481-8D53-A6164642D357}.Release|Any CPU.ActiveCfg = Release|Any CPU
		{1A43651B-78BA-4481-8D53-A6164642D357}.Release|Any CPU.Build.0 = Release|Any CPU
		{7F3F4821-CC14-4036-A551-37C809CD39D5}.Debug|Any CPU.ActiveCfg = Debug|Any CPU
		{7F3F4821-CC14-4036-A551-37C809CD39D5}.Debug|Any CPU.Build.0 = Debug|Any CPU
		{7F3F4821-CC14-4036-A551-37C809CD39D5}.Release|Any CPU.ActiveCfg = Release|Any CPU
		{7F3F4821-CC14-4036-A551-37C809CD39D5}.Release|Any CPU.Build.0 = Release|Any CPU
		{D64BD1B9-21DD-4F78-8E70-B8C478F26E4C}.Debug|Any CPU.ActiveCfg = Debug|Any CPU
		{D64BD1B9-21DD-4F78-8E70-B8C478F26E4C}.Debug|Any CPU.Build.0 = Debug|Any CPU
		{D64BD1B9-21DD-4F78-8E70-B8C478F26E4C}.Release|Any CPU.ActiveCfg = Release|Any CPU
		{D64BD1B9-21DD-4F78-8E70-B8C478F26E4C}.Release|Any CPU.Build.0 = Release|Any CPU
		{4B34C914-873A-4586-BC43-B7600B721E0F}.Debug|Any CPU.ActiveCfg = Debug|Any CPU
		{4B34C914-873A-4586-BC43-B7600B721E0F}.Debug|Any CPU.Build.0 = Debug|Any CPU
		{4B34C914-873A-4586-BC43-B7600B721E0F}.Release|Any CPU.ActiveCfg = Release|Any CPU
		{4B34C914-873A-4586-BC43-B7600B721E0F}.Release|Any CPU.Build.0 = Release|Any CPU
	EndGlobalSection
	GlobalSection(SolutionProperties) = preSolution
		HideSolutionNode = FALSE
	EndGlobalSection
	GlobalSection(NestedProjects) = preSolution
		{D64BD1B9-21DD-4F78-8E70-B8C478F26E4C} = {C310712B-0E8C-455D-B507-BB04F518A3C1}
		{4B34C914-873A-4586-BC43-B7600B721E0F} = {C310712B-0E8C-455D-B507-BB04F518A3C1}
	EndGlobalSection
	GlobalSection(ExtensibilityGlobals) = postSolution
		SolutionGuid = {763ACDDE-5460-4AB3-AFDE-F211E5E4AB55}
	EndGlobalSection
EndGlobal
